
Microsoft Visual Studio Solution File, Format Version 12.00
# Visual Studio Version 17
VisualStudioVersion = 17.11.35327.3
MinimumVisualStudioVersion = 10.0.40219.1
Project("{9A19103F-16F7-4668-BE54-9A1E7A4F7556}") = "test project", "test project\test project.csproj", "{F98A53FF-5184-4E4E-AA0B-51F1795B5D94}"
EndProject
Global
	GlobalSection(SolutionConfigurationPlatforms) = preSolution
		Debug|Any CPU = Debug|Any CPU
		Release|Any CPU = Release|Any CPU
	EndGlobalSection
	GlobalSection(ProjectConfigurationPlatforms) = postSolution
		{F98A53FF-5184-4E4E-AA0B-51F1795B5D94}.Debug|Any CPU.ActiveCfg = Debug|Any CPU
		{F98A53FF-5184-4E4E-AA0B-51F1795B5D94}.Debug|Any CPU.Build.0 = Debug|Any CPU
		{F98A53FF-5184-4E4E-AA0B-51F1795B5D94}.Release|Any CPU.ActiveCfg = Release|Any CPU
		{F98A53FF-5184-4E4E-AA0B-51F1795B5D94}.Release|Any CPU.Build.0 = Release|Any CPU
	EndGlobalSection
	GlobalSection(SolutionProperties) = preSolution
		HideSolutionNode = FALSE
	EndGlobalSection
	GlobalSection(ExtensibilityGlobals) = postSolution
		SolutionGuid = {86C49F90-5A16-443C-A9A4-6C463DE96DCD}
	EndGlobalSection
EndGlobal
